
Microsoft Visual Studio Solution File, Format Version 12.00
# Visual Studio Version 17
VisualStudioVersion = 17.4.33027.239
MinimumVisualStudioVersion = 10.0.40219.1
Project("{FAE04EC0-301F-11D3-BF4B-00C04F79EFBC}") = "Seseurian.Tools", "Seseurian.Tools\Seseurian.Tools.csproj", "{5874C7C5-C368-459E-B7FD-6C71BA179190}"
EndProject
Project("{FAE04EC0-301F-11D3-BF4B-00C04F79EFBC}") = "Seseurian", "Seseurian\Seseurian.csproj", "{74A6C645-04B1-48CA-B389-9A28B351C515}"
EndProject
Global
	GlobalSection(SolutionConfigurationPlatforms) = preSolution
		Debug|Any CPU = Debug|Any CPU
		Release|Any CPU = Release|Any CPU
	EndGlobalSection
	GlobalSection(ProjectConfigurationPlatforms) = postSolution
		{5874C7C5-C368-459E-B7FD-6C71BA179190}.Debug|Any CPU.ActiveCfg = Debug|Any CPU
		{5874C7C5-C368-459E-B7FD-6C71BA179190}.Debug|Any CPU.Build.0 = Debug|Any CPU
		{5874C7C5-C368-459E-B7FD-6C71BA179190}.Release|Any CPU.ActiveCfg = Release|Any CPU
		{5874C7C5-C368-459E-B7FD-6C71BA179190}.Release|Any CPU.Build.0 = Release|Any CPU
		{74A6C645-04B1-48CA-B389-9A28B351C515}.Debug|Any CPU.ActiveCfg = Debug|Any CPU
		{74A6C645-04B1-48CA-B389-9A28B351C515}.Debug|Any CPU.Build.0 = Debug|Any CPU
		{74A6C645-04B1-48CA-B389-9A28B351C515}.Release|Any CPU.ActiveCfg = Release|Any CPU
		{74A6C645-04B1-48CA-B389-9A28B351C515}.Release|Any CPU.Build.0 = Release|Any CPU
	EndGlobalSection
	GlobalSection(SolutionProperties) = preSolution
		HideSolutionNode = FALSE
	EndGlobalSection
	GlobalSection(ExtensibilityGlobals) = postSolution
		SolutionGuid = {DC6F7287-788E-4BF7-AC61-032F82D0F085}
	EndGlobalSection
EndGlobal
